
Microsoft Visual Studio Solution File, Format Version 12.00
# Visual Studio Version 16
VisualStudioVersion = 16.0.31424.327
MinimumVisualStudioVersion = 10.0.40219.1
Project("{9A19103F-16F7-4668-BE54-9A1E7A4F7556}") = "LibraryDB.Web", "LibraryDB.Web\LibraryDB.Web.csproj", "{59E297FE-6A86-40F7-B041-8A20267BD7E3}"
EndProject
Project("{9A19103F-16F7-4668-BE54-9A1E7A4F7556}") = "LibraryDB.Domain", "LibraryDB.Domain\LibraryDB.Domain.csproj", "{6912902B-DFBC-4354-8AC1-7184AEDEE87A}"
EndProject
Project("{FAE04EC0-301F-11D3-BF4B-00C04F79EFBC}") = "LibraryDB.Application", "LibraryDB.Application\LibraryDB.Application.csproj", "{C2A9B950-EED2-4BCD-992B-0EA56E96B424}"
EndProject
Global
	GlobalSection(SolutionConfigurationPlatforms) = preSolution
		Debug|Any CPU = Debug|Any CPU
		Release|Any CPU = Release|Any CPU
	EndGlobalSection
	GlobalSection(ProjectConfigurationPlatforms) = postSolution
		{59E297FE-6A86-40F7-B041-8A20267BD7E3}.Debug|Any CPU.ActiveCfg = Debug|Any CPU
		{59E297FE-6A86-40F7-B041-8A20267BD7E3}.Debug|Any CPU.Build.0 = Debug|Any CPU
		{59E297FE-6A86-40F7-B041-8A20267BD7E3}.Release|Any CPU.ActiveCfg = Release|Any CPU
		{59E297FE-6A86-40F7-B041-8A20267BD7E3}.Release|Any CPU.Build.0 = Release|Any CPU
		{6912902B-DFBC-4354-8AC1-7184AEDEE87A}.Debug|Any CPU.ActiveCfg = Debug|Any CPU
		{6912902B-DFBC-4354-8AC1-7184AEDEE87A}.Debug|Any CPU.Build.0 = Debug|Any CPU
		{6912902B-DFBC-4354-8AC1-7184AEDEE87A}.Release|Any CPU.ActiveCfg = Release|Any CPU
		{6912902B-DFBC-4354-8AC1-7184AEDEE87A}.Release|Any CPU.Build.0 = Release|Any CPU
		{C2A9B950-EED2-4BCD-992B-0EA56E96B424}.Debug|Any CPU.ActiveCfg = Debug|Any CPU
		{C2A9B950-EED2-4BCD-992B-0EA56E96B424}.Debug|Any CPU.Build.0 = Debug|Any CPU
		{C2A9B950-EED2-4BCD-992B-0EA56E96B424}.Release|Any CPU.ActiveCfg = Release|Any CPU
		{C2A9B950-EED2-4BCD-992B-0EA56E96B424}.Release|Any CPU.Build.0 = Release|Any CPU
	EndGlobalSection
	GlobalSection(SolutionProperties) = preSolution
		HideSolutionNode = FALSE
	EndGlobalSection
	GlobalSection(ExtensibilityGlobals) = postSolution
		SolutionGuid = {BF16D1B3-6681-4BE3-94F8-24A9E9A423AF}
	EndGlobalSection
EndGlobal
